
Microsoft Visual Studio Solution File, Format Version 12.00
# Visual Studio Version 17
VisualStudioVersion = 17.0.31903.59
MinimumVisualStudioVersion = 10.0.40219.1
Project("{2150E333-8FDC-42A3-9474-1A3956D46DE8}") = "src", "src", "{C8AA1160-0E87-4811-9FC5-8BA2DC51629C}"
EndProject
Project("{FAE04EC0-301F-11D3-BF4B-00C04F79EFBC}") = "DocumentManagement.Domain", "src\DocumentManagement.Domain\DocumentManagement.Domain.csproj", "{F56AE833-8B03-4EB2-AFBB-9B2CCAB077E1}"
EndProject
Project("{FAE04EC0-301F-11D3-BF4B-00C04F79EFBC}") = "DocumentManagement.Application", "src\DocumentManagement.Application\DocumentManagement.Application.csproj", "{0F79D6CF-8239-4388-A3B4-9C56E185FAD7}"
EndProject
Project("{FAE04EC0-301F-11D3-BF4B-00C04F79EFBC}") = "DocumentManagement.Api", "src\DocumentManagement.Api\DocumentManagement.Api.csproj", "{C2FF65CF-DBC4-401E-886B-746254A52739}"
EndProject
Project("{FAE04EC0-301F-11D3-BF4B-00C04F79EFBC}") = "DocumentManagement.Infrastructure", "src\DocumentManagement.Infrastructure\DocumentManagement.Infrastructure.csproj", "{DF8E9B16-4EA2-4EB2-A6B0-78C333DD5619}"
EndProject
Project("{FAE04EC0-301F-11D3-BF4B-00C04F79EFBC}") = "DocumentManagement.UI", "src\DocumentManagement.UI\DocumentManagement.UI.csproj", "{89B07D68-5B87-4906-B963-01564404ADE8}"
EndProject
Project("{FAE04EC0-301F-11D3-BF4B-00C04F79EFBC}") = "DocumentManagement", "src\DocumentManagement\DocumentManagement.csproj", "{3BC19C46-5C73-451B-B944-5AC399735A68}"
EndProject
Global
	GlobalSection(SolutionConfigurationPlatforms) = preSolution
		Debug|Any CPU = Debug|Any CPU
		Release|Any CPU = Release|Any CPU
	EndGlobalSection
	GlobalSection(ProjectConfigurationPlatforms) = postSolution
		{F56AE833-8B03-4EB2-AFBB-9B2CCAB077E1}.Debug|Any CPU.ActiveCfg = Debug|Any CPU
		{F56AE833-8B03-4EB2-AFBB-9B2CCAB077E1}.Debug|Any CPU.Build.0 = Debug|Any CPU
		{F56AE833-8B03-4EB2-AFBB-9B2CCAB077E1}.Release|Any CPU.ActiveCfg = Release|Any CPU
		{F56AE833-8B03-4EB2-AFBB-9B2CCAB077E1}.Release|Any CPU.Build.0 = Release|Any CPU
		{0F79D6CF-8239-4388-A3B4-9C56E185FAD7}.Debug|Any CPU.ActiveCfg = Debug|Any CPU
		{0F79D6CF-8239-4388-A3B4-9C56E185FAD7}.Debug|Any CPU.Build.0 = Debug|Any CPU
		{0F79D6CF-8239-4388-A3B4-9C56E185FAD7}.Release|Any CPU.ActiveCfg = Release|Any CPU
		{0F79D6CF-8239-4388-A3B4-9C56E185FAD7}.Release|Any CPU.Build.0 = Release|Any CPU
		{C2FF65CF-DBC4-401E-886B-746254A52739}.Debug|Any CPU.ActiveCfg = Debug|Any CPU
		{C2FF65CF-DBC4-401E-886B-746254A52739}.Debug|Any CPU.Build.0 = Debug|Any CPU
		{C2FF65CF-DBC4-401E-886B-746254A52739}.Release|Any CPU.ActiveCfg = Release|Any CPU
		{C2FF65CF-DBC4-401E-886B-746254A52739}.Release|Any CPU.Build.0 = Release|Any CPU
		{DF8E9B16-4EA2-4EB2-A6B0-78C333DD5619}.Debug|Any CPU.ActiveCfg = Debug|Any CPU
		{DF8E9B16-4EA2-4EB2-A6B0-78C333DD5619}.Debug|Any CPU.Build.0 = Debug|Any CPU
		{DF8E9B16-4EA2-4EB2-A6B0-78C333DD5619}.Release|Any CPU.ActiveCfg = Release|Any CPU
		{DF8E9B16-4EA2-4EB2-A6B0-78C333DD5619}.Release|Any CPU.Build.0 = Release|Any CPU
		{89B07D68-5B87-4906-B963-01564404ADE8}.Debug|Any CPU.ActiveCfg = Debug|Any CPU
		{89B07D68-5B87-4906-B963-01564404ADE8}.Debug|Any CPU.Build.0 = Debug|Any CPU
		{89B07D68-5B87-4906-B963-01564404ADE8}.Release|Any CPU.ActiveCfg = Release|Any CPU
		{89B07D68-5B87-4906-B963-01564404ADE8}.Release|Any CPU.Build.0 = Release|Any CPU
		{3BC19C46-5C73-451B-B944-5AC399735A68}.Debug|Any CPU.ActiveCfg = Debug|Any CPU
		{3BC19C46-5C73-451B-B944-5AC399735A68}.Debug|Any CPU.Build.0 = Debug|Any CPU
		{3BC19C46-5C73-451B-B944-5AC399735A68}.Release|Any CPU.ActiveCfg = Release|Any CPU
		{3BC19C46-5C73-451B-B944-5AC399735A68}.Release|Any CPU.Build.0 = Release|Any CPU
	EndGlobalSection
	GlobalSection(SolutionProperties) = preSolution
		HideSolutionNode = FALSE
	EndGlobalSection
	GlobalSection(NestedProjects) = preSolution
		{F56AE833-8B03-4EB2-AFBB-9B2CCAB077E1} = {C8AA1160-0E87-4811-9FC5-8BA2DC51629C}
		{0F79D6CF-8239-4388-A3B4-9C56E185FAD7} = {C8AA1160-0E87-4811-9FC5-8BA2DC51629C}
		{C2FF65CF-DBC4-401E-886B-746254A52739} = {C8AA1160-0E87-4811-9FC5-8BA2DC51629C}
		{DF8E9B16-4EA2-4EB2-A6B0-78C333DD5619} = {C8AA1160-0E87-4811-9FC5-8BA2DC51629C}
		{89B07D68-5B87-4906-B963-01564404ADE8} = {C8AA1160-0E87-4811-9FC5-8BA2DC51629C}
		{3BC19C46-5C73-451B-B944-5AC399735A68} = {C8AA1160-0E87-4811-9FC5-8BA2DC51629C}
	EndGlobalSection
	GlobalSection(ExtensibilityGlobals) = postSolution
		SolutionGuid = {38155EA4-D34B-4B30-8508-84B12088A6B3}
	EndGlobalSection
EndGlobal
